// !$*UTF8*$!
{
	archiveVersion = 1;
	classes = {
	};
	objectVersion = 46;
	objects = {

/* Begin PBXBuildFile section */
		007A1F1E1883D594006F386D /* Foundation.framework in Frameworks */ = {isa = PBXBuildFile; fileRef = 007A1F1D1883D594006F386D /* Foundation.framework */; };
		007A1F201883D594006F386D /* CoreGraphics.framework in Frameworks */ = {isa = PBXBuildFile; fileRef = 007A1F1F1883D594006F386D /* CoreGraphics.framework */; };
		007A1F221883D594006F386D /* UIKit.framework in Frameworks */ = {isa = PBXBuildFile; fileRef = 007A1F211883D594006F386D /* UIKit.framework */; };
		007A1F281883D594006F386D /* InfoPlist.strings in Resources */ = {isa = PBXBuildFile; fileRef = 007A1F261883D594006F386D /* InfoPlist.strings */; };
		007A1F2A1883D594006F386D /* main.m in Sources */ = {isa = PBXBuildFile; fileRef = 007A1F291883D594006F386D /* main.m */; };
		007A1F2E1883D594006F386D /* AppDelegate.m in Sources */ = {isa = PBXBuildFile; fileRef = 007A1F2D1883D594006F386D /* AppDelegate.m */; };
		007A1F311883D594006F386D /* Main.storyboard in Resources */ = {isa = PBXBuildFile; fileRef = 007A1F2F1883D594006F386D /* Main.storyboard */; };
		007A1F341883D594006F386D /* ViewController.m in Sources */ = {isa = PBXBuildFile; fileRef = 007A1F331883D594006F386D /* ViewController.m */; };
		007A1F361883D594006F386D /* Images.xcassets in Resources */ = {isa = PBXBuildFile; fileRef = 007A1F351883D594006F386D /* Images.xcassets */; };
		007A1F3D1883D594006F386D /* XCTest.framework in Frameworks */ = {isa = PBXBuildFile; fileRef = 007A1F3C1883D594006F386D /* XCTest.framework */; };
		007A1F3E1883D594006F386D /* Foundation.framework in Frameworks */ = {isa = PBXBuildFile; fileRef = 007A1F1D1883D594006F386D /* Foundation.framework */; };
		007A1F3F1883D594006F386D /* UIKit.framework in Frameworks */ = {isa = PBXBuildFile; fileRef = 007A1F211883D594006F386D /* UIKit.framework */; };
		007A1F471883D595006F386D /* InfoPlist.strings in Resources */ = {isa = PBXBuildFile; fileRef = 007A1F451883D595006F386D /* InfoPlist.strings */; };
		007A1F491883D595006F386D /* SqliteTest01Tests.m in Sources */ = {isa = PBXBuildFile; fileRef = 007A1F481883D595006F386D /* SqliteTest01Tests.m */; };
		007DEBB7188511D000849339 /* ActorViewController.m in Sources */ = {isa = PBXBuildFile; fileRef = 007DEBB6188511D000849339 /* ActorViewController.m */; };
		00C70F261883D6D30028765B /* Movie.m in Sources */ = {isa = PBXBuildFile; fileRef = 00C70F251883D6D30028765B /* Movie.m */; };
		00C70F281883D7140028765B /* libsqlite3.dylib in Frameworks */ = {isa = PBXBuildFile; fileRef = 00C70F271883D7140028765B /* libsqlite3.dylib */; };
		00C70F321883E74E0028765B /* db.sqlite in Resources */ = {isa = PBXBuildFile; fileRef = 00C70F311883E74E0028765B /* db.sqlite */; };
/* End PBXBuildFile section */

/* Begin PBXContainerItemProxy section */
		007A1F401883D594006F386D /* PBXContainerItemProxy */ = {
			isa = PBXContainerItemProxy;
			containerPortal = 007A1F121883D594006F386D /* Project object */;
			proxyType = 1;
			remoteGlobalIDString = 007A1F191883D594006F386D;
			remoteInfo = SqliteTest01;
		};
/* End PBXContainerItemProxy section */

/* Begin PBXFileReference section */
		007A1F1A1883D594006F386D /* SqliteTest01.app */ = {isa = PBXFileReference; explicitFileType = wrapper.application; includeInIndex = 0; path = SqliteTest01.app; sourceTree = BUILT_PRODUCTS_DIR; };
		007A1F1D1883D594006F386D /* Foundation.framework */ = {isa = PBXFileReference; lastKnownFileType = wrapper.framework; name = Foundation.framework; path = System/Library/Frameworks/Foundation.framework; sourceTree = SDKROOT; };
		007A1F1F1883D594006F386D /* CoreGraphics.framework */ = {isa = PBXFileReference; lastKnownFileType = wrapper.framework; name = CoreGraphics.framework; path = System/Library/Frameworks/CoreGraphics.framework; sourceTree = SDKROOT; };
		007A1F211883D594006F386D /* UIKit.framework */ = {isa = PBXFileReference; lastKnownFileType = wrapper.framework; name = UIKit.framework; path = System/Library/Frameworks/UIKit.framework; sourceTree = SDKROOT; };
		007A1F251883D594006F386D /* SqliteTest01-Info.plist */ = {isa = PBXFileReference; lastKnownFileType = text.plist.xml; path = "SqliteTest01-Info.plist"; sourceTree = "<group>"; };
		007A1F271883D594006F386D /* en */ = {isa = PBXFileReference; lastKnownFileType = text.plist.strings; name = en; path = en.lproj/InfoPlist.strings; sourceTree = "<group>"; };
		007A1F291883D594006F386D /* main.m */ = {isa = PBXFileReference; lastKnownFileType = sourcecode.c.objc; path = main.m; sourceTree = "<group>"; };
		007A1F2B1883D594006F386D /* SqliteTest01-Prefix.pch */ = {isa = PBXFileReference; lastKnownFileType = sourcecode.c.h; path = "SqliteTest01-Prefix.pch"; sourceTree = "<group>"; };
		007A1F2C1883D594006F386D /* AppDelegate.h */ = {isa = PBXFileReference; lastKnownFileType = sourcecode.c.h; path = AppDelegate.h; sourceTree = "<group>"; };
		007A1F2D1883D594006F386D /* AppDelegate.m */ = {isa = PBXFileReference; lastKnownFileType = sourcecode.c.objc; path = AppDelegate.m; sourceTree = "<group>"; };
		007A1F301883D594006F386D /* Base */ = {isa = PBXFileReference; lastKnownFileType = file.storyboard; name = Base; path = Base.lproj/Main.storyboard; sourceTree = "<group>"; };
		007A1F321883D594006F386D /* ViewController.h */ = {isa = PBXFileReference; lastKnownFileType = sourcecode.c.h; path = ViewController.h; sourceTree = "<group>"; };
		007A1F331883D594006F386D /* ViewController.m */ = {isa = PBXFileReference; lastKnownFileType = sourcecode.c.objc; path = ViewController.m; sourceTree = "<group>"; };
		007A1F351883D594006F386D /* Images.xcassets */ = {isa = PBXFileReference; lastKnownFileType = folder.assetcatalog; path = Images.xcassets; sourceTree = "<group>"; };
		007A1F3B1883D594006F386D /* SqliteTest01Tests.xctest */ = {isa = PBXFileReference; explicitFileType = wrapper.cfbundle; includeInIndex = 0; path = SqliteTest01Tests.xctest; sourceTree = BUILT_PRODUCTS_DIR; };
		007A1F3C1883D594006F386D /* XCTest.framework */ = {isa = PBXFileReference; lastKnownFileType = wrapper.framework; name = XCTest.framework; path = Library/Frameworks/XCTest.framework; sourceTree = DEVELOPER_DIR; };
		007A1F441883D595006F386D /* SqliteTest01Tests-Info.plist */ = {isa = PBXFileReference; lastKnownFileType = text.plist.xml; path = "SqliteTest01Tests-Info.plist"; sourceTree = "<group>"; };
		007A1F461883D595006F386D /* en */ = {isa = PBXFileReference; lastKnownFileType = text.plist.strings; name = en; path = en.lproj/InfoPlist.strings; sourceTree = "<group>"; };
		007A1F481883D595006F386D /* SqliteTest01Tests.m */ = {isa = PBXFileReference; lastKnownFileType = sourcecode.c.objc; path = SqliteTest01Tests.m; sourceTree = "<group>"; };
		007DEBB5188511D000849339 /* ActorViewController.h */ = {isa = PBXFileReference; fileEncoding = 4; lastKnownFileType = sourcecode.c.h; path = ActorViewController.h; sourceTree = "<group>"; };
		007DEBB6188511D000849339 /* ActorViewController.m */ = {isa = PBXFileReference; fileEncoding = 4; lastKnownFileType = sourcecode.c.objc; path = ActorViewController.m; sourceTree = "<group>"; };
		00C70F241883D6D30028765B /* Movie.h */ = {isa = PBXFileReference; fileEncoding = 4; lastKnownFileType = sourcecode.c.h; path = Movie.h; sourceTree = "<group>"; };
		00C70F251883D6D30028765B /* Movie.m */ = {isa = PBXFileReference; fileEncoding = 4; lastKnownFileType = sourcecode.c.objc; path = Movie.m; sourceTree = "<group>"; };
		00C70F271883D7140028765B /* libsqlite3.dylib */ = {isa = PBXFileReference; lastKnownFileType = "compiled.mach-o.dylib"; name = libsqlite3.dylib; path = usr/lib/libsqlite3.dylib; sourceTree = SDKROOT; };
		00C70F311883E74E0028765B /* db.sqlite */ = {isa = PBXFileReference; fileEncoding = 4; lastKnownFileType = text; path = db.sqlite; sourceTree = "<group>"; };
/* End PBXFileReference section */

/* Begin PBXFrameworksBuildPhase section */
		007A1F171883D594006F386D /* Frameworks */ = {
			isa = PBXFrameworksBuildPhase;
			buildActionMask = 2147483647;
			files = (
				00C70F281883D7140028765B /* libsqlite3.dylib in Frameworks */,
				007A1F201883D594006F386D /* CoreGraphics.framework in Frameworks */,
				007A1F221883D594006F386D /* UIKit.framework in Frameworks */,
				007A1F1E1883D594006F386D /* Foundation.framework in Frameworks */,
			);
			runOnlyForDeploymentPostprocessing = 0;
		};
		007A1F381883D594006F386D /* Frameworks */ = {
			isa = PBXFrameworksBuildPhase;
			buildActionMask = 2147483647;
			files = (
				007A1F3D1883D594006F386D /* XCTest.framework in Frameworks */,
				007A1F3F1883D594006F386D /* UIKit.framework in Frameworks */,
				007A1F3E1883D594006F386D /* Foundation.framework in Frameworks */,
			);
			runOnlyForDeploymentPostprocessing = 0;
		};
/* End PBXFrameworksBuildPhase section */

/* Begin PBXGroup section */
		007A1F111883D594006F386D = {
			isa = PBXGroup;
			children = (
				007A1F231883D594006F386D /* SqliteTest01 */,
				007A1F421883D594006F386D /* SqliteTest01Tests */,
				007A1F1C1883D594006F386D /* Frameworks */,
				007A1F1B1883D594006F386D /* Products */,
			);
			sourceTree = "<group>";
		};
		007A1F1B1883D594006F386D /* Products */ = {
			isa = PBXGroup;
			children = (
				007A1F1A1883D594006F386D /* SqliteTest01.app */,
				007A1F3B1883D594006F386D /* SqliteTest01Tests.xctest */,
			);
			name = Products;
			sourceTree = "<group>";
		};
		007A1F1C1883D594006F386D /* Frameworks */ = {
			isa = PBXGroup;
			children = (
				00C70F271883D7140028765B /* libsqlite3.dylib */,
				007A1F1D1883D594006F386D /* Foundation.framework */,
				007A1F1F1883D594006F386D /* CoreGraphics.framework */,
				007A1F211883D594006F386D /* UIKit.framework */,
				007A1F3C1883D594006F386D /* XCTest.framework */,
			);
			name = Frameworks;
			sourceTree = "<group>";
		};
		007A1F231883D594006F386D /* SqliteTest01 */ = {
			isa = PBXGroup;
			children = (
				00C70F311883E74E0028765B /* db.sqlite */,
				007A1F2C1883D594006F386D /* AppDelegate.h */,
				007A1F2D1883D594006F386D /* AppDelegate.m */,
				007A1F2F1883D594006F386D /* Main.storyboard */,
				007A1F321883D594006F386D /* ViewController.h */,
				007A1F331883D594006F386D /* ViewController.m */,
				007A1F351883D594006F386D /* Images.xcassets */,
				007A1F241883D594006F386D /* Supporting Files */,
				00C70F241883D6D30028765B /* Movie.h */,
				00C70F251883D6D30028765B /* Movie.m */,
				007DEBB5188511D000849339 /* ActorViewController.h */,
				007DEBB6188511D000849339 /* ActorViewController.m */,
			);
			path = SqliteTest01;
			sourceTree = "<group>";
		};
		007A1F241883D594006F386D /* Supporting Files */ = {
			isa = PBXGroup;
			children = (
				007A1F251883D594006F386D /* SqliteTest01-Info.plist */,
				007A1F261883D594006F386D /* InfoPlist.strings */,
				007A1F291883D594006F386D /* main.m */,
				007A1F2B1883D594006F386D /* SqliteTest01-Prefix.pch */,
			);
			name = "Supporting Files";
			sourceTree = "<group>";
		};
		007A1F421883D594006F386D /* SqliteTest01Tests */ = {
			isa = PBXGroup;
			children = (
				007A1F481883D595006F386D /* SqliteTest01Tests.m */,
				007A1F431883D594006F386D /* Supporting Files */,
			);
			path = SqliteTest01Tests;
			sourceTree = "<group>";
		};
		007A1F431883D594006F386D /* Supporting Files */ = {
			isa = PBXGroup;
			children = (
				007A1F441883D595006F386D /* SqliteTest01Tests-Info.plist */,
				007A1F451883D595006F386D /* InfoPlist.strings */,
			);
			name = "Supporting Files";
			sourceTree = "<group>";
		};
/* End PBXGroup section */

/* Begin PBXNativeTarget section */
		007A1F191883D594006F386D /* SqliteTest01 */ = {
			isa = PBXNativeTarget;
			buildConfigurationList = 007A1F4C1883D595006F386D /* Build configuration list for PBXNativeTarget "SqliteTest01" */;
			buildPhases = (
				007A1F161883D594006F386D /* Sources */,
				007A1F171883D594006F386D /* Frameworks */,
				007A1F181883D594006F386D /* Resources */,
			);
			buildRules = (
			);
			dependencies = (
			);
			name = SqliteTest01;
			productName = SqliteTest01;
			productReference = 007A1F1A1883D594006F386D /* SqliteTest01.app */;
			productType = "com.apple.product-type.application";
		};
		007A1F3A1883D594006F386D /* SqliteTest01Tests */ = {
			isa = PBXNativeTarget;
			buildConfigurationList = 007A1F4F1883D595006F386D /* Build configuration list for PBXNativeTarget "SqliteTest01Tests" */;
			buildPhases = (
				007A1F371883D594006F386D /* Sources */,
				007A1F381883D594006F386D /* Frameworks */,
				007A1F391883D594006F386D /* Resources */,
			);
			buildRules = (
			);
			dependencies = (
				007A1F411883D594006F386D /* PBXTargetDependency */,
			);
			name = SqliteTest01Tests;
			productName = SqliteTest01Tests;
			productReference = 007A1F3B1883D594006F386D /* SqliteTest01Tests.xctest */;
			productType = "com.apple.product-type.bundle.unit-test";
		};
/* End PBXNativeTarget section */

/* Begin PBXProject section */
		007A1F121883D594006F386D /* Project object */ = {
			isa = PBXProject;
			attributes = {
				LastUpgradeCheck = 0500;
				ORGANIZATIONNAME = "SDT-1";
				TargetAttributes = {
					007A1F3A1883D594006F386D = {
						TestTargetID = 007A1F191883D594006F386D;
					};
				};
			};
			buildConfigurationList = 007A1F151883D594006F386D /* Build configuration list for PBXProject "SqliteTest01" */;
			compatibilityVersion = "Xcode 3.2";
			developmentRegion = English;
			hasScannedForEncodings = 0;
			knownRegions = (
				en,
				Base,
			);
			mainGroup = 007A1F111883D594006F386D;
			productRefGroup = 007A1F1B1883D594006F386D /* Products */;
			projectDirPath = "";
			projectRoot = "";
			targets = (
				007A1F191883D594006F386D /* SqliteTest01 */,
				007A1F3A1883D594006F386D /* SqliteTest01Tests */,
			);
		};
/* End PBXProject section */

/* Begin PBXResourcesBuildPhase section */
		007A1F181883D594006F386D /* Resources */ = {
			isa = PBXResourcesBuildPhase;
			buildActionMask = 2147483647;
			files = (
				007A1F361883D594006F386D /* Images.xcassets in Resources */,
				007A1F281883D594006F386D /* InfoPlist.strings in Resources */,
				007A1F311883D594006F386D /* Main.storyboard in Resources */,
				00C70F321883E74E0028765B /* db.sqlite in Resources */,
			);
			runOnlyForDeploymentPostprocessing = 0;
		};
		007A1F391883D594006F386D /* Resources */ = {
			isa = PBXResourcesBuildPhase;
			buildActionMask = 2147483647;
			files = (
				007A1F471883D595006F386D /* InfoPlist.strings in Resources */,
			);
			runOnlyForDeploymentPostprocessing = 0;
		};
/* End PBXResourcesBuildPhase section */

/* Begin PBXSourcesBuildPhase section */
		007A1F161883D594006F386D /* Sources */ = {
			isa = PBXSourcesBuildPhase;
			buildActionMask = 2147483647;
			files = (
				007A1F341883D594006F386D /* ViewController.m in Sources */,
				007A1F2E1883D594006F386D /* AppDelegate.m in Sources */,
				007DEBB7188511D000849339 /* ActorViewController.m in Sources */,
				00C70F261883D6D30028765B /* Movie.m in Sources */,
				007A1F2A1883D594006F386D /* main.m in Sources */,
			);
			runOnlyForDeploymentPostprocessing = 0;
		};
		007A1F371883D594006F386D /* Sources */ = {
			isa = PBXSourcesBuildPhase;
			buildActionMask = 2147483647;
			files = (
				007A1F491883D595006F386D /* SqliteTest01Tests.m in Sources */,
			);
			runOnlyForDeploymentPostprocessing = 0;
		};
/* End PBXSourcesBuildPhase section */

/* Begin PBXTargetDependency section */
		007A1F411883D594006F386D /* PBXTargetDependency */ = {
			isa = PBXTargetDependency;
			target = 007A1F191883D594006F386D /* SqliteTest01 */;
			targetProxy = 007A1F401883D594006F386D /* PBXContainerItemProxy */;
		};
/* End PBXTargetDependency section */

/* Begin PBXVariantGroup section */
		007A1F261883D594006F386D /* InfoPlist.strings */ = {
			isa = PBXVariantGroup;
			children = (
				007A1F271883D594006F386D /* en */,
			);
			name = InfoPlist.strings;
			sourceTree = "<group>";
		};
		007A1F2F1883D594006F386D /* Main.storyboard */ = {
			isa = PBXVariantGroup;
			children = (
				007A1F301883D594006F386D /* Base */,
			);
			name = Main.storyboard;
			sourceTree = "<group>";
		};
		007A1F451883D595006F386D /* InfoPlist.strings */ = {
			isa = PBXVariantGroup;
			children = (
				007A1F461883D595006F386D /* en */,
			);
			name = InfoPlist.strings;
			sourceTree = "<group>";
		};
/* End PBXVariantGroup section */

/* Begin XCBuildConfiguration section */
		007A1F4A1883D595006F386D /* Debug */ = {
			isa = XCBuildConfiguration;
			buildSettings = {
				ALWAYS_SEARCH_USER_PATHS = NO;
				ARCHS = "$(ARCHS_STANDARD_INCLUDING_64_BIT)";
				CLANG_CXX_LANGUAGE_STANDARD = "gnu++0x";
				CLANG_CXX_LIBRARY = "libc++";
				CLANG_ENABLE_MODULES = YES;
				CLANG_ENABLE_OBJC_ARC = YES;
				CLANG_WARN_BOOL_CONVERSION = YES;
				CLANG_WARN_CONSTANT_CONVERSION = YES;
				CLANG_WARN_DIRECT_OBJC_ISA_USAGE = YES_ERROR;
				CLANG_WARN_EMPTY_BODY = YES;
				CLANG_WARN_ENUM_CONVERSION = YES;
				CLANG_WARN_INT_CONVERSION = YES;
				CLANG_WARN_OBJC_ROOT_CLASS = YES_ERROR;
				CLANG_WARN__DUPLICATE_METHOD_MATCH = YES;
				"CODE_SIGN_IDENTITY[sdk=iphoneos*]" = "iPhone Developer";
				COPY_PHASE_STRIP = NO;
				GCC_C_LANGUAGE_STANDARD = gnu99;
				GCC_DYNAMIC_NO_PIC = NO;
				GCC_OPTIMIZATION_LEVEL = 0;
				GCC_PREPROCESSOR_DEFINITIONS = (
					"DEBUG=1",
					"$(inherited)",
				);
				GCC_SYMBOLS_PRIVATE_EXTERN = NO;
				GCC_WARN_64_TO_32_BIT_CONVERSION = YES;
				GCC_WARN_ABOUT_RETURN_TYPE = YES_ERROR;
				GCC_WARN_UNDECLARED_SELECTOR = YES;
				GCC_WARN_UNINITIALIZED_AUTOS = YES;
				GCC_WARN_UNUSED_FUNCTION = YES;
				GCC_WARN_UNUSED_VARIABLE = YES;
				IPHONEOS_DEPLOYMENT_TARGET = 7.0;
				ONLY_ACTIVE_ARCH = YES;
				SDKROOT = iphoneos;
			};
			name = Debug;
		};
		007A1F4B1883D595006F386D /* Release */ = {
			isa = XCBuildConfiguration;
			buildSettings = {
				ALWAYS_SEARCH_USER_PATHS = NO;
				ARCHS = "$(ARCHS_STANDARD_INCLUDING_64_BIT)";
				CLANG_CXX_LANGUAGE_STANDARD = "gnu++0x";
				CLANG_CXX_LIBRARY = "libc++";
				CLANG_ENABLE_MODULES = YES;
				CLANG_ENABLE_OBJC_ARC = YES;
				CLANG_WARN_BOOL_CONVERSION = YES;
				CLANG_WARN_CONSTANT_CONVERSION = YES;
				CLANG_WARN_DIRECT_OBJC_ISA_USAGE = YES_ERROR;
				CLANG_WARN_EMPTY_BODY = YES;
				CLANG_WARN_ENUM_CONVERSION = YES;
				CLANG_WARN_INT_CONVERSION = YES;
				CLANG_WARN_OBJC_ROOT_CLASS = YES_ERROR;
				CLANG_WARN__DUPLICATE_METHOD_MATCH = YES;
				"CODE_SIGN_IDENTITY[sdk=iphoneos*]" = "iPhone Developer";
				COPY_PHASE_STRIP = YES;
				ENABLE_NS_ASSERTIONS = NO;
				GCC_C_LANGUAGE_STANDARD = gnu99;
				GCC_WARN_64_TO_32_BIT_CONVERSION = YES;
				GCC_WARN_ABOUT_RETURN_TYPE = YES_ERROR;
				GCC_WARN_UNDECLARED_SELECTOR = YES;
				GCC_WARN_UNINITIALIZED_AUTOS = YES;
				GCC_WARN_UNUSED_FUNCTION = YES;
				GCC_WARN_UNUSED_VARIABLE = YES;
				IPHONEOS_DEPLOYMENT_TARGET = 7.0;
				SDKROOT = iphoneos;
				VALIDATE_PRODUCT = YES;
			};
			name = Release;
		};
		007A1F4D1883D595006F386D /* Debug */ = {
			isa = XCBuildConfiguration;
			buildSettings = {
				ASSETCATALOG_COMPILER_APPICON_NAME = AppIcon;
				ASSETCATALOG_COMPILER_LAUNCHIMAGE_NAME = LaunchImage;
				GCC_PRECOMPILE_PREFIX_HEADER = YES;
				GCC_PREFIX_HEADER = "SqliteTest01/SqliteTest01-Prefix.pch";
				INFOPLIST_FILE = "SqliteTest01/SqliteTest01-Info.plist";
				PRODUCT_NAME = "$(TARGET_NAME)";
				WRAPPER_EXTENSION = app;
			};
			name = Debug;
		};
		007A1F4E1883D595006F386D /* Release */ = {
			isa = XCBuildConfiguration;
			buildSettings = {
				ASSETCATALOG_COMPILER_APPICON_NAME = AppIcon;
				ASSETCATALOG_COMPILER_LAUNCHIMAGE_NAME = LaunchImage;
				GCC_PRECOMPILE_PREFIX_HEADER = YES;
				GCC_PREFIX_HEADER = "SqliteTest01/SqliteTest01-Prefix.pch";
				INFOPLIST_FILE = "SqliteTest01/SqliteTest01-Info.plist";
				PRODUCT_NAME = "$(TARGET_NAME)";
				WRAPPER_EXTENSION = app;
			};
			name = Release;
		};
		007A1F501883D595006F386D /* Debug */ = {
			isa = XCBuildConfiguration;
			buildSettings = {
				ARCHS = "$(ARCHS_STANDARD_INCLUDING_64_BIT)";
				BUNDLE_LOADER = "$(BUILT_PRODUCTS_DIR)/SqliteTest01.app/SqliteTest01";
				FRAMEWORK_SEARCH_PATHS = (
					"$(SDKROOT)/Developer/Library/Frameworks",
					"$(inherited)",
					"$(DEVELOPER_FRAMEWORKS_DIR)",
				);
				GCC_PRECOMPILE_PREFIX_HEADER = YES;
				GCC_PREFIX_HEADER = "SqliteTest01/SqliteTest01-Prefix.pch";
				GCC_PREPROCESSOR_DEFINITIONS = (
					"DEBUG=1",
					"$(inherited)",
				);
				INFOPLIST_FILE = "SqliteTest01Tests/SqliteTest01Tests-Info.plist";
				PRODUCT_NAME = "$(TARGET_NAME)";
				TEST_HOST = "$(BUNDLE_LOADER)";
				WRAPPER_EXTENSION = xctest;
			};
			name = Debug;
		};
		007A1F511883D595006F386D /* Release */ = {
			isa = XCBuildConfiguration;
			buildSettings = {
				ARCHS = "$(ARCHS_STANDARD_INCLUDING_64_BIT)";
				BUNDLE_LOADER = "$(BUILT_PRODUCTS_DIR)/SqliteTest01.app/SqliteTest01";
				FRAMEWORK_SEARCH_PATHS = (
					"$(SDKROOT)/Developer/Library/Frameworks",
					"$(inherited)",
					"$(DEVELOPER_FRAMEWORKS_DIR)",
				);
				GCC_PRECOMPILE_PREFIX_HEADER = YES;
				GCC_PREFIX_HEADER = "SqliteTest01/SqliteTest01-Prefix.pch";
				INFOPLIST_FILE = "SqliteTest01Tests/SqliteTest01Tests-Info.plist";
				PRODUCT_NAME = "$(TARGET_NAME)";
				TEST_HOST = "$(BUNDLE_LOADER)";
				WRAPPER_EXTENSION = xctest;
			};
			name = Release;
		};
/* End XCBuildConfiguration section */

/* Begin XCConfigurationList section */
		007A1F151883D594006F386D /* Build configuration list for PBXProject "SqliteTest01" */ = {
			isa = XCConfigurationList;
			buildConfigurations = (
				007A1F4A1883D595006F386D /* Debug */,
				007A1F4B1883D595006F386D /* Release */,
			);
			defaultConfigurationIsVisible = 0;
			defaultConfigurationName = Release;
		};
		007A1F4C1883D595006F386D /* Build configuration list for PBXNativeTarget "SqliteTest01" */ = {
			isa = XCConfigurationList;
			buildConfigurations = (
				007A1F4D1883D595006F386D /* Debug */,
				007A1F4E1883D595006F386D /* Release */,
			);
			defaultConfigurationIsVisible = 0;
			defaultConfigurationName = Release;
		};
		007A1F4F1883D595006F386D /* Build configuration list for PBXNativeTarget "SqliteTest01Tests" */ = {
			isa = XCConfigurationList;
			buildConfigurations = (
				007A1F501883D595006F386D /* Debug */,
				007A1F511883D595006F386D /* Release */,
			);
			defaultConfigurationIsVisible = 0;
			defaultConfigurationName = Release;
		};
/* End XCConfigurationList section */
	};
	rootObject = 007A1F121883D594006F386D /* Project object */;
}
